
Microsoft Visual Studio Solution File, Format Version 12.00
# Visual Studio Version 16
VisualStudioVersion = 16.0.30128.74
MinimumVisualStudioVersion = 10.0.40219.1
Project("{FAE04EC0-301F-11D3-BF4B-00C04F79EFBC}") = "XamarinAndroid_20200608", "XamarinAndroid_20200608\XamarinAndroid_20200608.csproj", "{EB5EFF48-EE31-4CB7-91FE-CFB823384FBA}"
EndProject
Global
	GlobalSection(SolutionConfigurationPlatforms) = preSolution
		Debug|Any CPU = Debug|Any CPU
		Release|Any CPU = Release|Any CPU
	EndGlobalSection
	GlobalSection(ProjectConfigurationPlatforms) = postSolution
		{EB5EFF48-EE31-4CB7-91FE-CFB823384FBA}.Debug|Any CPU.ActiveCfg = Debug|Any CPU
		{EB5EFF48-EE31-4CB7-91FE-CFB823384FBA}.Debug|Any CPU.Build.0 = Debug|Any CPU
		{EB5EFF48-EE31-4CB7-91FE-CFB823384FBA}.Debug|Any CPU.Deploy.0 = Debug|Any CPU
		{EB5EFF48-EE31-4CB7-91FE-CFB823384FBA}.Release|Any CPU.ActiveCfg = Release|Any CPU
		{EB5EFF48-EE31-4CB7-91FE-CFB823384FBA}.Release|Any CPU.Build.0 = Release|Any CPU
		{EB5EFF48-EE31-4CB7-91FE-CFB823384FBA}.Release|Any CPU.Deploy.0 = Release|Any CPU
	EndGlobalSection
	GlobalSection(SolutionProperties) = preSolution
		HideSolutionNode = FALSE
	EndGlobalSection
	GlobalSection(ExtensibilityGlobals) = postSolution
		SolutionGuid = {1B8EEE87-89AC-49A5-B388-EBDF2A6B73BC}
	EndGlobalSection
EndGlobal
